# THIS IS AN AUTOGENERATED FILE. DO NOT EDIT THIS FILE DIRECTLY.
# yarn lockfile v1


"@babel/code-frame@7.12.11":
  version "7.12.11"
  resolved "https://registry.npmjs.org/@babel/code-frame/-/code-frame-7.12.11.tgz"
  dependencies:
    "@babel/highlight" "^7.10.4"

"@babel/helper-validator-identifier@^7.12.11":
  version "7.12.11"
  resolved "https://registry.npmjs.org/@babel/helper-validator-identifier/-/helper-validator-identifier-7.12.11.tgz"

"@babel/highlight@^7.10.4":
  version "7.13.10"
  resolved "https://registry.npmjs.org/@babel/highlight/-/highlight-7.13.10.tgz"
  dependencies:
    "@babel/helper-validator-identifier" "^7.12.11"
    chalk "^2.0.0"
    js-tokens "^4.0.0"

"@babel/runtime-corejs3@^7.10.2":
  version "7.13.10"
  resolved "https://registry.npmjs.org/@babel/runtime-corejs3/-/runtime-corejs3-7.13.10.tgz"
  dependencies:
    core-js-pure "^3.0.0"
    regenerator-runtime "^0.13.4"

"@babel/runtime@^7.10.2", "@babel/runtime@^7.11.2":
  version "7.13.10"
  resolved "https://registry.npmjs.org/@babel/runtime/-/runtime-7.13.10.tgz"
  dependencies:
    regenerator-runtime "^0.13.4"

"@eslint/eslintrc@^0.4.0":
  version "0.4.0"
  resolved "https://registry.npmjs.org/@eslint/eslintrc/-/eslintrc-0.4.0.tgz"
  dependencies:
    ajv "^6.12.4"
    debug "^4.1.1"
    espree "^7.3.0"
    globals "^12.1.0"
    ignore "^4.0.6"
    import-fresh "^3.2.1"
    js-yaml "^3.13.1"
    minimatch "^3.0.4"
    strip-json-comments "^3.1.1"

"@ipld/dag-cbor@^6.0.12":
  version "6.0.12"
  resolved "https://registry.npmjs.org/@ipld/dag-cbor/-/dag-cbor-6.0.12.tgz"
  dependencies:
    cborg "^1.2.1"
    multiformats "^9.0.0"

"@mdn/browser-compat-data@^2.0.7":
  version "2.0.7"
  resolved "https://registry.npmjs.org/@mdn/browser-compat-data/-/browser-compat-data-2.0.7.tgz"
  dependencies:
    extend "3.0.2"

"@nodelib/fs.scandir@2.1.4":
  version "2.1.4"
  resolved "https://registry.npmjs.org/@nodelib/fs.scandir/-/fs.scandir-2.1.4.tgz"
  dependencies:
    "@nodelib/fs.stat" "2.0.4"
    run-parallel "^1.1.9"

"@nodelib/fs.stat@2.0.4", "@nodelib/fs.stat@^2.0.2":
  version "2.0.4"
  resolved "https://registry.npmjs.org/@nodelib/fs.stat/-/fs.stat-2.0.4.tgz"

"@nodelib/fs.walk@^1.2.3":
  version "1.2.6"
  resolved "https://registry.npmjs.org/@nodelib/fs.walk/-/fs.walk-1.2.6.tgz"
  dependencies:
    "@nodelib/fs.scandir" "2.1.4"
    fastq "^1.6.0"

"@types/json-schema@^7.0.3":
  version "7.0.7"
  resolved "https://registry.npmjs.org/@types/json-schema/-/json-schema-7.0.7.tgz"

"@types/json5@^0.0.29":
  version "0.0.29"
  resolved "https://registry.npmjs.org/@types/json5/-/json5-0.0.29.tgz"

"@types/node@^14.14.31":
  version "14.14.37"
  resolved "https://registry.npmjs.org/@types/node/-/node-14.14.37.tgz"

"@typescript-eslint/eslint-plugin@^4.16.1":
  version "4.19.0"
  resolved "https://registry.npmjs.org/@typescript-eslint/eslint-plugin/-/eslint-plugin-4.19.0.tgz"
  dependencies:
    "@typescript-eslint/experimental-utils" "4.19.0"
    "@typescript-eslint/scope-manager" "4.19.0"
    debug "^4.1.1"
    functional-red-black-tree "^1.0.1"
    lodash "^4.17.15"
    regexpp "^3.0.0"
    semver "^7.3.2"
    tsutils "^3.17.1"

"@typescript-eslint/experimental-utils@4.19.0", "@typescript-eslint/experimental-utils@^4.0.1":
  version "4.19.0"
  resolved "https://registry.npmjs.org/@typescript-eslint/experimental-utils/-/experimental-utils-4.19.0.tgz"
  dependencies:
    "@types/json-schema" "^7.0.3"
    "@typescript-eslint/scope-manager" "4.19.0"
    "@typescript-eslint/types" "4.19.0"
    "@typescript-eslint/typescript-estree" "4.19.0"
    eslint-scope "^5.0.0"
    eslint-utils "^2.0.0"

"@typescript-eslint/parser@^4.16.1":
  version "4.19.0"
  resolved "https://registry.npmjs.org/@typescript-eslint/parser/-/parser-4.19.0.tgz"
  dependencies:
    "@typescript-eslint/scope-manager" "4.19.0"
    "@typescript-eslint/types" "4.19.0"
    "@typescript-eslint/typescript-estree" "4.19.0"
    debug "^4.1.1"

"@typescript-eslint/scope-manager@4.19.0":
  version "4.19.0"
  resolved "https://registry.npmjs.org/@typescript-eslint/scope-manager/-/scope-manager-4.19.0.tgz"
  dependencies:
    "@typescript-eslint/types" "4.19.0"
    "@typescript-eslint/visitor-keys" "4.19.0"

"@typescript-eslint/types@4.19.0":
  version "4.19.0"
  resolved "https://registry.npmjs.org/@typescript-eslint/types/-/types-4.19.0.tgz"

"@typescript-eslint/typescript-estree@4.19.0":
  version "4.19.0"
  resolved "https://registry.npmjs.org/@typescript-eslint/typescript-estree/-/typescript-estree-4.19.0.tgz"
  dependencies:
    "@typescript-eslint/types" "4.19.0"
    "@typescript-eslint/visitor-keys" "4.19.0"
    debug "^4.1.1"
    globby "^11.0.1"
    is-glob "^4.0.1"
    semver "^7.3.2"
    tsutils "^3.17.1"

"@typescript-eslint/visitor-keys@4.19.0":
  version "4.19.0"
  resolved "https://registry.npmjs.org/@typescript-eslint/visitor-keys/-/visitor-keys-4.19.0.tgz"
  dependencies:
    "@typescript-eslint/types" "4.19.0"
    eslint-visitor-keys "^2.0.0"

acorn-jsx@^5.3.1:
  version "5.3.1"
  resolved "https://registry.npmjs.org/acorn-jsx/-/acorn-jsx-5.3.1.tgz"

acorn@^7.4.0:
  version "7.4.1"
  resolved "https://registry.npmjs.org/acorn/-/acorn-7.4.1.tgz"

ajv@^6.10.0, ajv@^6.12.4:
  version "6.12.6"
  resolved "https://registry.npmjs.org/ajv/-/ajv-6.12.6.tgz"
  dependencies:
    fast-deep-equal "^3.1.1"
    fast-json-stable-stringify "^2.0.0"
    json-schema-traverse "^0.4.1"
    uri-js "^4.2.2"

ajv@^7.0.2:
  version "7.2.4"
  resolved "https://registry.npmjs.org/ajv/-/ajv-7.2.4.tgz"
  dependencies:
    fast-deep-equal "^3.1.1"
    json-schema-traverse "^1.0.0"
    require-from-string "^2.0.2"
    uri-js "^4.2.2"

ansi-colors@^4.1.1:
  version "4.1.1"
  resolved "https://registry.npmjs.org/ansi-colors/-/ansi-colors-4.1.1.tgz"

ansi-regex@^5.0.0:
  version "5.0.0"
  resolved "https://registry.npmjs.org/ansi-regex/-/ansi-regex-5.0.0.tgz"

ansi-styles@^3.2.1:
  version "3.2.1"
  resolved "https://registry.npmjs.org/ansi-styles/-/ansi-styles-3.2.1.tgz"
  dependencies:
    color-convert "^1.9.0"

ansi-styles@^4.0.0, ansi-styles@^4.1.0:
  version "4.3.0"
  resolved "https://registry.npmjs.org/ansi-styles/-/ansi-styles-4.3.0.tgz"
  dependencies:
    color-convert "^2.0.1"

argparse@^1.0.7:
  version "1.0.10"
  resolved "https://registry.npmjs.org/argparse/-/argparse-1.0.10.tgz"
  dependencies:
    sprintf-js "~1.0.2"

aria-query@^4.2.2:
  version "4.2.2"
  resolved "https://registry.npmjs.org/aria-query/-/aria-query-4.2.2.tgz"
  dependencies:
    "@babel/runtime" "^7.10.2"
    "@babel/runtime-corejs3" "^7.10.2"

array-includes@^3.1.1, array-includes@^3.1.2, array-includes@^3.1.3:
  version "3.1.3"
  resolved "https://registry.npmjs.org/array-includes/-/array-includes-3.1.3.tgz"
  dependencies:
    call-bind "^1.0.2"
    define-properties "^1.1.3"
    es-abstract "^1.18.0-next.2"
    get-intrinsic "^1.1.1"
    is-string "^1.0.5"

array-union@^2.1.0:
  version "2.1.0"
  resolved "https://registry.npmjs.org/array-union/-/array-union-2.1.0.tgz"

array.prototype.flat@^1.2.3:
  version "1.2.4"
  resolved "https://registry.npmjs.org/array.prototype.flat/-/array.prototype.flat-1.2.4.tgz"
  dependencies:
    call-bind "^1.0.0"
    define-properties "^1.1.3"
    es-abstract "^1.18.0-next.1"

array.prototype.flatmap@^1.2.4:
  version "1.2.4"
  resolved "https://registry.npmjs.org/array.prototype.flatmap/-/array.prototype.flatmap-1.2.4.tgz"
  dependencies:
    call-bind "^1.0.0"
    define-properties "^1.1.3"
    es-abstract "^1.18.0-next.1"
    function-bind "^1.1.1"

ast-metadata-inferer@^0.4.0:
  version "0.4.0"
  resolved "https://registry.npmjs.org/ast-metadata-inferer/-/ast-metadata-inferer-0.4.0.tgz"

ast-types-flow@^0.0.7:
  version "0.0.7"
  resolved "https://registry.npmjs.org/ast-types-flow/-/ast-types-flow-0.0.7.tgz"

astral-regex@^2.0.0:
  version "2.0.0"
  resolved "https://registry.npmjs.org/astral-regex/-/astral-regex-2.0.0.tgz"

axe-core@^4.0.2:
  version "4.1.3"
  resolved "https://registry.npmjs.org/axe-core/-/axe-core-4.1.3.tgz"

axobject-query@^2.2.0:
  version "2.2.0"
  resolved "https://registry.npmjs.org/axobject-query/-/axobject-query-2.2.0.tgz"

balanced-match@^1.0.0:
  version "1.0.0"
  resolved "https://registry.npmjs.org/balanced-match/-/balanced-match-1.0.0.tgz"

brace-expansion@^1.1.7:
  version "1.1.11"
  resolved "https://registry.npmjs.org/brace-expansion/-/brace-expansion-1.1.11.tgz"
  dependencies:
    balanced-match "^1.0.0"
    concat-map "0.0.1"

braces@^3.0.1:
  version "3.0.2"
  resolved "https://registry.npmjs.org/braces/-/braces-3.0.2.tgz"
  dependencies:
    fill-range "^7.0.1"

browserslist@^4.12.2:
  version "4.16.6"
  resolved "https://registry.npmjs.org/browserslist/-/browserslist-4.16.6.tgz"
  dependencies:
    caniuse-lite "^1.0.30001219"
    colorette "^1.2.2"
    electron-to-chromium "^1.3.723"
    escalade "^3.1.1"
    node-releases "^1.1.71"

call-bind@^1.0.0, call-bind@^1.0.2:
  version "1.0.2"
  resolved "https://registry.npmjs.org/call-bind/-/call-bind-1.0.2.tgz"
  dependencies:
    function-bind "^1.1.1"
    get-intrinsic "^1.0.2"

callsites@^3.0.0:
  version "3.1.0"
  resolved "https://registry.npmjs.org/callsites/-/callsites-3.1.0.tgz"

caniuse-lite@^1.0.30001166, caniuse-lite@^1.0.30001219:
  version "1.0.30001230"
  resolved "https://registry.npmjs.org/caniuse-lite/-/caniuse-lite-1.0.30001230.tgz"

cborg@^1.2.1:
  version "1.5.2"
  resolved "https://registry.npmjs.org/cborg/-/cborg-1.5.2.tgz"

chalk@^2.0.0:
  version "2.4.2"
  resolved "https://registry.npmjs.org/chalk/-/chalk-2.4.2.tgz"
  dependencies:
    ansi-styles "^3.2.1"
    escape-string-regexp "^1.0.5"
    supports-color "^5.3.0"

chalk@^4.0.0:
  version "4.1.0"
  resolved "https://registry.npmjs.org/chalk/-/chalk-4.1.0.tgz"
  dependencies:
    ansi-styles "^4.1.0"
    supports-color "^7.1.0"

color-convert@^1.9.0:
  version "1.9.3"
  resolved "https://registry.npmjs.org/color-convert/-/color-convert-1.9.3.tgz"
  dependencies:
    color-name "1.1.3"

color-convert@^2.0.1:
  version "2.0.1"
  resolved "https://registry.npmjs.org/color-convert/-/color-convert-2.0.1.tgz"
  dependencies:
    color-name "~1.1.4"

color-name@1.1.3:
  version "1.1.3"
  resolved "https://registry.npmjs.org/color-name/-/color-name-1.1.3.tgz"

color-name@~1.1.4:
  version "1.1.4"
  resolved "https://registry.npmjs.org/color-name/-/color-name-1.1.4.tgz"

colorette@^1.2.2:
  version "1.2.2"
  resolved "https://registry.npmjs.org/colorette/-/colorette-1.2.2.tgz"

concat-map@0.0.1:
  version "0.0.1"
  resolved "https://registry.npmjs.org/concat-map/-/concat-map-0.0.1.tgz"

contains-path@^0.1.0:
  version "0.1.0"
  resolved "https://registry.npmjs.org/contains-path/-/contains-path-0.1.0.tgz"

core-js-pure@^3.0.0:
  version "3.9.1"
  resolved "https://registry.npmjs.org/core-js-pure/-/core-js-pure-3.9.1.tgz"

core-js@^3.6.5:
  version "3.9.1"
  resolved "https://registry.npmjs.org/core-js/-/core-js-3.9.1.tgz"

cross-spawn@^7.0.2:
  version "7.0.3"
  resolved "https://registry.npmjs.org/cross-spawn/-/cross-spawn-7.0.3.tgz"
  dependencies:
    path-key "^3.1.0"
    shebang-command "^2.0.0"
    which "^2.0.1"

damerau-levenshtein@^1.0.6:
  version "1.0.6"
  resolved "https://registry.npmjs.org/damerau-levenshtein/-/damerau-levenshtein-1.0.6.tgz"

debug@^2.6.9:
  version "2.6.9"
  resolved "https://registry.npmjs.org/debug/-/debug-2.6.9.tgz"
  dependencies:
    ms "2.0.0"

debug@^4.0.1, debug@^4.1.1:
  version "4.3.1"
  resolved "https://registry.npmjs.org/debug/-/debug-4.3.1.tgz"
  dependencies:
    ms "2.1.2"

deep-is@^0.1.3:
  version "0.1.3"
  resolved "https://registry.npmjs.org/deep-is/-/deep-is-0.1.3.tgz"

define-properties@^1.1.3:
  version "1.1.3"
  resolved "https://registry.npmjs.org/define-properties/-/define-properties-1.1.3.tgz"
  dependencies:
    object-keys "^1.0.12"

dir-glob@^3.0.1:
  version "3.0.1"
  resolved "https://registry.npmjs.org/dir-glob/-/dir-glob-3.0.1.tgz"
  dependencies:
    path-type "^4.0.0"

doctrine@1.5.0:
  version "1.5.0"
  resolved "https://registry.npmjs.org/doctrine/-/doctrine-1.5.0.tgz"
  dependencies:
    esutils "^2.0.2"
    isarray "^1.0.0"

doctrine@^2.1.0:
  version "2.1.0"
  resolved "https://registry.npmjs.org/doctrine/-/doctrine-2.1.0.tgz"
  dependencies:
    esutils "^2.0.2"

doctrine@^3.0.0:
  version "3.0.0"
  resolved "https://registry.npmjs.org/doctrine/-/doctrine-3.0.0.tgz"
  dependencies:
    esutils "^2.0.2"

electron-to-chromium@^1.3.723:
  version "1.3.739"
  resolved "https://registry.npmjs.org/electron-to-chromium/-/electron-to-chromium-1.3.739.tgz"

emoji-regex@^8.0.0:
  version "8.0.0"
  resolved "https://registry.npmjs.org/emoji-regex/-/emoji-regex-8.0.0.tgz"

emoji-regex@^9.0.0:
  version "9.2.2"
  resolved "https://registry.npmjs.org/emoji-regex/-/emoji-regex-9.2.2.tgz"

enquirer@^2.3.5:
  version "2.3.6"
  resolved "https://registry.npmjs.org/enquirer/-/enquirer-2.3.6.tgz"
  dependencies:
    ansi-colors "^4.1.1"

error-ex@^1.2.0:
  version "1.3.2"
  resolved "https://registry.npmjs.org/error-ex/-/error-ex-1.3.2.tgz"
  dependencies:
    is-arrayish "^0.2.1"

es-abstract@^1.18.0-next.1, es-abstract@^1.18.0-next.2:
  version "1.18.0"
  resolved "https://registry.npmjs.org/es-abstract/-/es-abstract-1.18.0.tgz"
  dependencies:
    call-bind "^1.0.2"
    es-to-primitive "^1.2.1"
    function-bind "^1.1.1"
    get-intrinsic "^1.1.1"
    has "^1.0.3"
    has-symbols "^1.0.2"
    is-callable "^1.2.3"
    is-negative-zero "^2.0.1"
    is-regex "^1.1.2"
    is-string "^1.0.5"
    object-inspect "^1.9.0"
    object-keys "^1.1.1"
    object.assign "^4.1.2"
    string.prototype.trimend "^1.0.4"
    string.prototype.trimstart "^1.0.4"
    unbox-primitive "^1.0.0"

es-to-primitive@^1.2.1:
  version "1.2.1"
  resolved "https://registry.npmjs.org/es-to-primitive/-/es-to-primitive-1.2.1.tgz"
  dependencies:
    is-callable "^1.1.4"
    is-date-object "^1.0.1"
    is-symbol "^1.0.2"

escalade@^3.1.1:
  version "3.1.1"
  resolved "https://registry.npmjs.org/escalade/-/escalade-3.1.1.tgz"

escape-string-regexp@^1.0.5:
  version "1.0.5"
  resolved "https://registry.npmjs.org/escape-string-regexp/-/escape-string-regexp-1.0.5.tgz"

eslint-config-prettier@^8.1.0:
  version "8.1.0"
  resolved "https://registry.npmjs.org/eslint-config-prettier/-/eslint-config-prettier-8.1.0.tgz"

eslint-import-resolver-node@^0.3.4:
  version "0.3.4"
  resolved "https://registry.npmjs.org/eslint-import-resolver-node/-/eslint-import-resolver-node-0.3.4.tgz"
  dependencies:
    debug "^2.6.9"
    resolve "^1.13.1"

eslint-module-utils@^2.6.0:
  version "2.6.0"
  resolved "https://registry.npmjs.org/eslint-module-utils/-/eslint-module-utils-2.6.0.tgz"
  dependencies:
    debug "^2.6.9"
    pkg-dir "^2.0.0"

eslint-plugin-compat@^3.9.0:
  version "3.9.0"
  resolved "https://registry.npmjs.org/eslint-plugin-compat/-/eslint-plugin-compat-3.9.0.tgz"
  dependencies:
    "@mdn/browser-compat-data" "^2.0.7"
    ast-metadata-inferer "^0.4.0"
    browserslist "^4.12.2"
    caniuse-lite "^1.0.30001166"
    core-js "^3.6.5"
    find-up "^4.1.0"
    lodash.memoize "4.1.2"
    semver "7.3.2"

eslint-plugin-import@^2.22.1:
  version "2.22.1"
  resolved "https://registry.npmjs.org/eslint-plugin-import/-/eslint-plugin-import-2.22.1.tgz"
  dependencies:
    array-includes "^3.1.1"
    array.prototype.flat "^1.2.3"
    contains-path "^0.1.0"
    debug "^2.6.9"
    doctrine "1.5.0"
    eslint-import-resolver-node "^0.3.4"
    eslint-module-utils "^2.6.0"
    has "^1.0.3"
    minimatch "^3.0.4"
    object.values "^1.1.1"
    read-pkg-up "^2.0.0"
    resolve "^1.17.0"
    tsconfig-paths "^3.9.0"

eslint-plugin-jest@^24.1.5:
  version "24.3.2"
  resolved "https://registry.npmjs.org/eslint-plugin-jest/-/eslint-plugin-jest-24.3.2.tgz"
  dependencies:
    "@typescript-eslint/experimental-utils" "^4.0.1"

eslint-plugin-jsx-a11y@^6.4.1:
  version "6.4.1"
  resolved "https://registry.npmjs.org/eslint-plugin-jsx-a11y/-/eslint-plugin-jsx-a11y-6.4.1.tgz"
  dependencies:
    "@babel/runtime" "^7.11.2"
    aria-query "^4.2.2"
    array-includes "^3.1.1"
    ast-types-flow "^0.0.7"
    axe-core "^4.0.2"
    axobject-query "^2.2.0"
    damerau-levenshtein "^1.0.6"
    emoji-regex "^9.0.0"
    has "^1.0.3"
    jsx-ast-utils "^3.1.0"
    language-tags "^1.0.5"

eslint-plugin-prefer-object-spread@^1.2.1:
  version "1.2.1"
  resolved "https://registry.npmjs.org/eslint-plugin-prefer-object-spread/-/eslint-plugin-prefer-object-spread-1.2.1.tgz"

eslint-plugin-prettier@^3.1.0:
  version "3.3.1"
  resolved "https://registry.npmjs.org/eslint-plugin-prettier/-/eslint-plugin-prettier-3.3.1.tgz"
  dependencies:
    prettier-linter-helpers "^1.0.0"

eslint-plugin-react@^7.23.1:
  version "7.23.1"
  resolved "https://registry.npmjs.org/eslint-plugin-react/-/eslint-plugin-react-7.23.1.tgz"
  dependencies:
    array-includes "^3.1.3"
    array.prototype.flatmap "^1.2.4"
    doctrine "^2.1.0"
    has "^1.0.3"
    jsx-ast-utils "^2.4.1 || ^3.0.0"
    minimatch "^3.0.4"
    object.entries "^1.1.3"
    object.fromentries "^2.0.4"
    object.values "^1.1.3"
    prop-types "^15.7.2"
    resolve "^2.0.0-next.3"
    string.prototype.matchall "^4.0.4"

eslint-scope@^5.0.0, eslint-scope@^5.1.1:
  version "5.1.1"
  resolved "https://registry.npmjs.org/eslint-scope/-/eslint-scope-5.1.1.tgz"
  dependencies:
    esrecurse "^4.3.0"
    estraverse "^4.1.1"

eslint-utils@^2.0.0, eslint-utils@^2.1.0:
  version "2.1.0"
  resolved "https://registry.npmjs.org/eslint-utils/-/eslint-utils-2.1.0.tgz"
  dependencies:
    eslint-visitor-keys "^1.1.0"

eslint-visitor-keys@^1.1.0, eslint-visitor-keys@^1.3.0:
  version "1.3.0"
  resolved "https://registry.npmjs.org/eslint-visitor-keys/-/eslint-visitor-keys-1.3.0.tgz"

eslint-visitor-keys@^2.0.0:
  version "2.0.0"
  resolved "https://registry.npmjs.org/eslint-visitor-keys/-/eslint-visitor-keys-2.0.0.tgz"

eslint@^7.21.0:
  version "7.23.0"
  resolved "https://registry.npmjs.org/eslint/-/eslint-7.23.0.tgz"
  dependencies:
    "@babel/code-frame" "7.12.11"
    "@eslint/eslintrc" "^0.4.0"
    ajv "^6.10.0"
    chalk "^4.0.0"
    cross-spawn "^7.0.2"
    debug "^4.0.1"
    doctrine "^3.0.0"
    enquirer "^2.3.5"
    eslint-scope "^5.1.1"
    eslint-utils "^2.1.0"
    eslint-visitor-keys "^2.0.0"
    espree "^7.3.1"
    esquery "^1.4.0"
    esutils "^2.0.2"
    file-entry-cache "^6.0.1"
    functional-red-black-tree "^1.0.1"
    glob-parent "^5.0.0"
    globals "^13.6.0"
    ignore "^4.0.6"
    import-fresh "^3.0.0"
    imurmurhash "^0.1.4"
    is-glob "^4.0.0"
    js-yaml "^3.13.1"
    json-stable-stringify-without-jsonify "^1.0.1"
    levn "^0.4.1"
    lodash "^4.17.21"
    minimatch "^3.0.4"
    natural-compare "^1.4.0"
    optionator "^0.9.1"
    progress "^2.0.0"
    regexpp "^3.1.0"
    semver "^7.2.1"
    strip-ansi "^6.0.0"
    strip-json-comments "^3.1.0"
    table "^6.0.4"
    text-table "^0.2.0"
    v8-compile-cache "^2.0.3"

espree@^7.3.0, espree@^7.3.1:
  version "7.3.1"
  resolved "https://registry.npmjs.org/espree/-/espree-7.3.1.tgz"
  dependencies:
    acorn "^7.4.0"
    acorn-jsx "^5.3.1"
    eslint-visitor-keys "^1.3.0"

esprima@^4.0.0:
  version "4.0.1"
  resolved "https://registry.npmjs.org/esprima/-/esprima-4.0.1.tgz"

esquery@^1.4.0:
  version "1.4.0"
  resolved "https://registry.npmjs.org/esquery/-/esquery-1.4.0.tgz"
  dependencies:
    estraverse "^5.1.0"

esrecurse@^4.3.0:
  version "4.3.0"
  resolved "https://registry.npmjs.org/esrecurse/-/esrecurse-4.3.0.tgz"
  dependencies:
    estraverse "^5.2.0"

estraverse@^4.1.1:
  version "4.3.0"
  resolved "https://registry.npmjs.org/estraverse/-/estraverse-4.3.0.tgz"

estraverse@^5.1.0, estraverse@^5.2.0:
  version "5.2.0"
  resolved "https://registry.npmjs.org/estraverse/-/estraverse-5.2.0.tgz"

esutils@^2.0.2:
  version "2.0.3"
  resolved "https://registry.npmjs.org/esutils/-/esutils-2.0.3.tgz"

extend@3.0.2:
  version "3.0.2"
  resolved "https://registry.npmjs.org/extend/-/extend-3.0.2.tgz"

fast-deep-equal@^3.1.1:
  version "3.1.3"
  resolved "https://registry.npmjs.org/fast-deep-equal/-/fast-deep-equal-3.1.3.tgz"

fast-diff@^1.1.2:
  version "1.2.0"
  resolved "https://registry.npmjs.org/fast-diff/-/fast-diff-1.2.0.tgz"

fast-glob@^3.1.1:
  version "3.2.5"
  resolved "https://registry.npmjs.org/fast-glob/-/fast-glob-3.2.5.tgz"
  dependencies:
    "@nodelib/fs.stat" "^2.0.2"
    "@nodelib/fs.walk" "^1.2.3"
    glob-parent "^5.1.0"
    merge2 "^1.3.0"
    micromatch "^4.0.2"
    picomatch "^2.2.1"

fast-json-stable-stringify@^2.0.0:
  version "2.1.0"
  resolved "https://registry.npmjs.org/fast-json-stable-stringify/-/fast-json-stable-stringify-2.1.0.tgz"

fast-levenshtein@^2.0.6:
  version "2.0.6"
  resolved "https://registry.npmjs.org/fast-levenshtein/-/fast-levenshtein-2.0.6.tgz"

fastq@^1.6.0:
  version "1.11.0"
  resolved "https://registry.npmjs.org/fastq/-/fastq-1.11.0.tgz"
  dependencies:
    reusify "^1.0.4"

file-entry-cache@^6.0.1:
  version "6.0.1"
  resolved "https://registry.npmjs.org/file-entry-cache/-/file-entry-cache-6.0.1.tgz"
  dependencies:
    flat-cache "^3.0.4"

fill-range@^7.0.1:
  version "7.0.1"
  resolved "https://registry.npmjs.org/fill-range/-/fill-range-7.0.1.tgz"
  dependencies:
    to-regex-range "^5.0.1"

find-up@^2.0.0, find-up@^2.1.0:
  version "2.1.0"
  resolved "https://registry.npmjs.org/find-up/-/find-up-2.1.0.tgz"
  dependencies:
    locate-path "^2.0.0"

find-up@^4.1.0:
  version "4.1.0"
  resolved "https://registry.npmjs.org/find-up/-/find-up-4.1.0.tgz"
  dependencies:
    locate-path "^5.0.0"
    path-exists "^4.0.0"

flat-cache@^3.0.4:
  version "3.0.4"
  resolved "https://registry.npmjs.org/flat-cache/-/flat-cache-3.0.4.tgz"
  dependencies:
    flatted "^3.1.0"
    rimraf "^3.0.2"

flatted@^3.1.0:
  version "3.1.1"
  resolved "https://registry.npmjs.org/flatted/-/flatted-3.1.1.tgz"

fs.realpath@^1.0.0:
  version "1.0.0"
  resolved "https://registry.npmjs.org/fs.realpath/-/fs.realpath-1.0.0.tgz"

function-bind@^1.1.1:
  version "1.1.1"
  resolved "https://registry.npmjs.org/function-bind/-/function-bind-1.1.1.tgz"

functional-red-black-tree@^1.0.1:
  version "1.0.1"
  resolved "https://registry.npmjs.org/functional-red-black-tree/-/functional-red-black-tree-1.0.1.tgz"

get-intrinsic@^1.0.2, get-intrinsic@^1.1.0, get-intrinsic@^1.1.1:
  version "1.1.1"
  resolved "https://registry.npmjs.org/get-intrinsic/-/get-intrinsic-1.1.1.tgz"
  dependencies:
    function-bind "^1.1.1"
    has "^1.0.3"
    has-symbols "^1.0.1"

glob-parent@^5.0.0, glob-parent@^5.1.0:
  version "5.1.2"
  resolved "https://registry.npmjs.org/glob-parent/-/glob-parent-5.1.2.tgz"
  dependencies:
    is-glob "^4.0.1"

glob@^7.1.3:
  version "7.1.6"
  resolved "https://registry.npmjs.org/glob/-/glob-7.1.6.tgz"
  dependencies:
    fs.realpath "^1.0.0"
    inflight "^1.0.4"
    inherits "2"
    minimatch "^3.0.4"
    once "^1.3.0"
    path-is-absolute "^1.0.0"

globals@^12.1.0:
  version "12.4.0"
  resolved "https://registry.npmjs.org/globals/-/globals-12.4.0.tgz"
  dependencies:
    type-fest "^0.8.1"

globals@^13.6.0:
  version "13.7.0"
  resolved "https://registry.npmjs.org/globals/-/globals-13.7.0.tgz"
  dependencies:
    type-fest "^0.20.2"

globby@^11.0.1:
  version "11.0.3"
  resolved "https://registry.npmjs.org/globby/-/globby-11.0.3.tgz"
  dependencies:
    array-union "^2.1.0"
    dir-glob "^3.0.1"
    fast-glob "^3.1.1"
    ignore "^5.1.4"
    merge2 "^1.3.0"
    slash "^3.0.0"

graceful-fs@^4.1.2:
  version "4.2.6"
  resolved "https://registry.npmjs.org/graceful-fs/-/graceful-fs-4.2.6.tgz"

has-bigints@^1.0.1:
  version "1.0.1"
  resolved "https://registry.npmjs.org/has-bigints/-/has-bigints-1.0.1.tgz"

has-flag@^3.0.0:
  version "3.0.0"
  resolved "https://registry.npmjs.org/has-flag/-/has-flag-3.0.0.tgz"

has-flag@^4.0.0:
  version "4.0.0"
  resolved "https://registry.npmjs.org/has-flag/-/has-flag-4.0.0.tgz"

has-symbols@^1.0.1, has-symbols@^1.0.2:
  version "1.0.2"
  resolved "https://registry.npmjs.org/has-symbols/-/has-symbols-1.0.2.tgz"

has@^1.0.3:
  version "1.0.3"
  resolved "https://registry.npmjs.org/has/-/has-1.0.3.tgz"
  dependencies:
    function-bind "^1.1.1"

hosted-git-info@^2.1.4:
  version "2.8.9"
  resolved "https://registry.npmjs.org/hosted-git-info/-/hosted-git-info-2.8.9.tgz"

ignore@^4.0.6:
  version "4.0.6"
  resolved "https://registry.npmjs.org/ignore/-/ignore-4.0.6.tgz"

ignore@^5.1.4:
  version "5.1.8"
  resolved "https://registry.npmjs.org/ignore/-/ignore-5.1.8.tgz"

import-fresh@^3.0.0, import-fresh@^3.2.1:
  version "3.3.0"
  resolved "https://registry.npmjs.org/import-fresh/-/import-fresh-3.3.0.tgz"
  dependencies:
    parent-module "^1.0.0"
    resolve-from "^4.0.0"

imurmurhash@^0.1.4:
  version "0.1.4"
  resolved "https://registry.npmjs.org/imurmurhash/-/imurmurhash-0.1.4.tgz"

inflight@^1.0.4:
  version "1.0.6"
  resolved "https://registry.npmjs.org/inflight/-/inflight-1.0.6.tgz"
  dependencies:
    once "^1.3.0"
    wrappy "1"

inherits@2:
  version "2.0.4"
  resolved "https://registry.npmjs.org/inherits/-/inherits-2.0.4.tgz"

internal-slot@^1.0.3:
  version "1.0.3"
  resolved "https://registry.npmjs.org/internal-slot/-/internal-slot-1.0.3.tgz"
  dependencies:
    get-intrinsic "^1.1.0"
    has "^1.0.3"
    side-channel "^1.0.4"

is-arrayish@^0.2.1:
  version "0.2.1"
  resolved "https://registry.npmjs.org/is-arrayish/-/is-arrayish-0.2.1.tgz"

is-bigint@^1.0.1:
  version "1.0.1"
  resolved "https://registry.npmjs.org/is-bigint/-/is-bigint-1.0.1.tgz"

is-boolean-object@^1.1.0:
  version "1.1.0"
  resolved "https://registry.npmjs.org/is-boolean-object/-/is-boolean-object-1.1.0.tgz"
  dependencies:
    call-bind "^1.0.0"

is-callable@^1.1.4, is-callable@^1.2.3:
  version "1.2.3"
  resolved "https://registry.npmjs.org/is-callable/-/is-callable-1.2.3.tgz"

is-core-module@^2.2.0:
  version "2.2.0"
  resolved "https://registry.npmjs.org/is-core-module/-/is-core-module-2.2.0.tgz"
  dependencies:
    has "^1.0.3"

is-date-object@^1.0.1:
  version "1.0.2"
  resolved "https://registry.npmjs.org/is-date-object/-/is-date-object-1.0.2.tgz"

is-extglob@^2.1.1:
  version "2.1.1"
  resolved "https://registry.npmjs.org/is-extglob/-/is-extglob-2.1.1.tgz"

is-fullwidth-code-point@^3.0.0:
  version "3.0.0"
  resolved "https://registry.npmjs.org/is-fullwidth-code-point/-/is-fullwidth-code-point-3.0.0.tgz"

is-glob@^4.0.0, is-glob@^4.0.1:
  version "4.0.1"
  resolved "https://registry.npmjs.org/is-glob/-/is-glob-4.0.1.tgz"
  dependencies:
    is-extglob "^2.1.1"

is-negative-zero@^2.0.1:
  version "2.0.1"
  resolved "https://registry.npmjs.org/is-negative-zero/-/is-negative-zero-2.0.1.tgz"

is-number-object@^1.0.4:
  version "1.0.4"
  resolved "https://registry.npmjs.org/is-number-object/-/is-number-object-1.0.4.tgz"

is-number@^7.0.0:
  version "7.0.0"
  resolved "https://registry.npmjs.org/is-number/-/is-number-7.0.0.tgz"

is-regex@^1.1.2:
  version "1.1.2"
  resolved "https://registry.npmjs.org/is-regex/-/is-regex-1.1.2.tgz"
  dependencies:
    call-bind "^1.0.2"
    has-symbols "^1.0.1"

is-string@^1.0.5:
  version "1.0.5"
  resolved "https://registry.npmjs.org/is-string/-/is-string-1.0.5.tgz"

is-symbol@^1.0.2, is-symbol@^1.0.3:
  version "1.0.3"
  resolved "https://registry.npmjs.org/is-symbol/-/is-symbol-1.0.3.tgz"
  dependencies:
    has-symbols "^1.0.1"

isarray@^1.0.0:
  version "1.0.0"
  resolved "https://registry.npmjs.org/isarray/-/isarray-1.0.0.tgz"

isexe@^2.0.0:
  version "2.0.0"
  resolved "https://registry.npmjs.org/isexe/-/isexe-2.0.0.tgz"

"js-tokens@^3.0.0 || ^4.0.0", js-tokens@^4.0.0:
  version "4.0.0"
  resolved "https://registry.npmjs.org/js-tokens/-/js-tokens-4.0.0.tgz"

js-yaml@^3.13.1:
  version "3.14.1"
  resolved "https://registry.npmjs.org/js-yaml/-/js-yaml-3.14.1.tgz"
  dependencies:
    argparse "^1.0.7"
    esprima "^4.0.0"

json-schema-traverse@^0.4.1:
  version "0.4.1"
  resolved "https://registry.npmjs.org/json-schema-traverse/-/json-schema-traverse-0.4.1.tgz"

json-schema-traverse@^1.0.0:
  version "1.0.0"
  resolved "https://registry.npmjs.org/json-schema-traverse/-/json-schema-traverse-1.0.0.tgz"

json-stable-stringify-without-jsonify@^1.0.1:
  version "1.0.1"
  resolved "https://registry.npmjs.org/json-stable-stringify-without-jsonify/-/json-stable-stringify-without-jsonify-1.0.1.tgz"

json5@^1.0.1:
  version "1.0.1"
  resolved "https://registry.npmjs.org/json5/-/json5-1.0.1.tgz"
  dependencies:
    minimist "^1.2.0"

"jsx-ast-utils@^2.4.1 || ^3.0.0", jsx-ast-utils@^3.1.0:
  version "3.2.0"
  resolved "https://registry.npmjs.org/jsx-ast-utils/-/jsx-ast-utils-3.2.0.tgz"
  dependencies:
    array-includes "^3.1.2"
    object.assign "^4.1.2"

language-subtag-registry@~0.3.2:
  version "0.3.21"
  resolved "https://registry.npmjs.org/language-subtag-registry/-/language-subtag-registry-0.3.21.tgz"

language-tags@^1.0.5:
  version "1.0.5"
  resolved "https://registry.npmjs.org/language-tags/-/language-tags-1.0.5.tgz"
  dependencies:
    language-subtag-registry "~0.3.2"

levn@^0.4.1:
  version "0.4.1"
  resolved "https://registry.npmjs.org/levn/-/levn-0.4.1.tgz"
  dependencies:
    prelude-ls "^1.2.1"
    type-check "~0.4.0"

load-json-file@^2.0.0:
  version "2.0.0"
  resolved "https://registry.npmjs.org/load-json-file/-/load-json-file-2.0.0.tgz"
  dependencies:
    graceful-fs "^4.1.2"
    parse-json "^2.2.0"
    pify "^2.0.0"
    strip-bom "^3.0.0"

locate-path@^2.0.0:
  version "2.0.0"
  resolved "https://registry.npmjs.org/locate-path/-/locate-path-2.0.0.tgz"
  dependencies:
    p-locate "^2.0.0"
    path-exists "^3.0.0"

locate-path@^5.0.0:
  version "5.0.0"
  resolved "https://registry.npmjs.org/locate-path/-/locate-path-5.0.0.tgz"
  dependencies:
    p-locate "^4.1.0"

lodash.memoize@4.1.2:
  version "4.1.2"
  resolved "https://registry.npmjs.org/lodash.memoize/-/lodash.memoize-4.1.2.tgz"

lodash@^4.17.15, lodash@^4.17.20, lodash@^4.17.21:
  version "4.17.21"
  resolved "https://registry.npmjs.org/lodash/-/lodash-4.17.21.tgz"

loose-envify@^1.4.0:
  version "1.4.0"
  resolved "https://registry.npmjs.org/loose-envify/-/loose-envify-1.4.0.tgz"
  dependencies:
    js-tokens "^3.0.0 || ^4.0.0"

lru-cache@^6.0.0:
  version "6.0.0"
  resolved "https://registry.npmjs.org/lru-cache/-/lru-cache-6.0.0.tgz"
  dependencies:
    yallist "^4.0.0"

merge2@^1.3.0:
  version "1.4.1"
  resolved "https://registry.npmjs.org/merge2/-/merge2-1.4.1.tgz"

micromatch@^4.0.2:
  version "4.0.2"
  resolved "https://registry.npmjs.org/micromatch/-/micromatch-4.0.2.tgz"
  dependencies:
    braces "^3.0.1"
    picomatch "^2.0.5"

minimatch@^3.0.4:
  version "3.0.4"
  resolved "https://registry.npmjs.org/minimatch/-/minimatch-3.0.4.tgz"
  dependencies:
    brace-expansion "^1.1.7"

minimist@^1.2.0:
  version "1.2.5"
  resolved "https://registry.npmjs.org/minimist/-/minimist-1.2.5.tgz"

ms@2.0.0:
  version "2.0.0"
  resolved "https://registry.npmjs.org/ms/-/ms-2.0.0.tgz"

ms@2.1.2:
  version "2.1.2"
  resolved "https://registry.npmjs.org/ms/-/ms-2.1.2.tgz"

multiformats@^9.0.0, multiformats@^9.4.9:
  version "9.4.9"
  resolved "https://registry.npmjs.org/multiformats/-/multiformats-9.4.9.tgz"

n@^7.1.0:
  version "7.1.0"
  resolved "https://registry.npmjs.org/n/-/n-7.1.0.tgz"

natural-compare@^1.4.0:
  version "1.4.0"
  resolved "https://registry.npmjs.org/natural-compare/-/natural-compare-1.4.0.tgz"

node-releases@^1.1.71:
  version "1.1.72"
  resolved "https://registry.npmjs.org/node-releases/-/node-releases-1.1.72.tgz"

normalize-package-data@^2.3.2:
  version "2.5.0"
  resolved "https://registry.npmjs.org/normalize-package-data/-/normalize-package-data-2.5.0.tgz"
  dependencies:
    hosted-git-info "^2.1.4"
    resolve "^1.10.0"
    semver "2 || 3 || 4 || 5"
    validate-npm-package-license "^3.0.1"

object-assign@^4.1.1:
  version "4.1.1"
  resolved "https://registry.npmjs.org/object-assign/-/object-assign-4.1.1.tgz"

object-inspect@^1.9.0:
  version "1.9.0"
  resolved "https://registry.npmjs.org/object-inspect/-/object-inspect-1.9.0.tgz"

object-keys@^1.0.12, object-keys@^1.1.1:
  version "1.1.1"
  resolved "https://registry.npmjs.org/object-keys/-/object-keys-1.1.1.tgz"

object.assign@^4.1.2:
  version "4.1.2"
  resolved "https://registry.npmjs.org/object.assign/-/object.assign-4.1.2.tgz"
  dependencies:
    call-bind "^1.0.0"
    define-properties "^1.1.3"
    has-symbols "^1.0.1"
    object-keys "^1.1.1"

object.entries@^1.1.3:
  version "1.1.3"
  resolved "https://registry.npmjs.org/object.entries/-/object.entries-1.1.3.tgz"
  dependencies:
    call-bind "^1.0.0"
    define-properties "^1.1.3"
    es-abstract "^1.18.0-next.1"
    has "^1.0.3"

object.fromentries@^2.0.4:
  version "2.0.4"
  resolved "https://registry.npmjs.org/object.fromentries/-/object.fromentries-2.0.4.tgz"
  dependencies:
    call-bind "^1.0.2"
    define-properties "^1.1.3"
    es-abstract "^1.18.0-next.2"
    has "^1.0.3"

object.values@^1.1.1, object.values@^1.1.3:
  version "1.1.3"
  resolved "https://registry.npmjs.org/object.values/-/object.values-1.1.3.tgz"
  dependencies:
    call-bind "^1.0.2"
    define-properties "^1.1.3"
    es-abstract "^1.18.0-next.2"
    has "^1.0.3"

once@^1.3.0:
  version "1.4.0"
  resolved "https://registry.npmjs.org/once/-/once-1.4.0.tgz"
  dependencies:
    wrappy "1"

optionator@^0.9.1:
  version "0.9.1"
  resolved "https://registry.npmjs.org/optionator/-/optionator-0.9.1.tgz"
  dependencies:
    deep-is "^0.1.3"
    fast-levenshtein "^2.0.6"
    levn "^0.4.1"
    prelude-ls "^1.2.1"
    type-check "^0.4.0"
    word-wrap "^1.2.3"

p-limit@^1.1.0:
  version "1.3.0"
  resolved "https://registry.npmjs.org/p-limit/-/p-limit-1.3.0.tgz"
  dependencies:
    p-try "^1.0.0"

p-limit@^2.2.0:
  version "2.3.0"
  resolved "https://registry.npmjs.org/p-limit/-/p-limit-2.3.0.tgz"
  dependencies:
    p-try "^2.0.0"

p-locate@^2.0.0:
  version "2.0.0"
  resolved "https://registry.npmjs.org/p-locate/-/p-locate-2.0.0.tgz"
  dependencies:
    p-limit "^1.1.0"

p-locate@^4.1.0:
  version "4.1.0"
  resolved "https://registry.npmjs.org/p-locate/-/p-locate-4.1.0.tgz"
  dependencies:
    p-limit "^2.2.0"

p-try@^1.0.0:
  version "1.0.0"
  resolved "https://registry.npmjs.org/p-try/-/p-try-1.0.0.tgz"

p-try@^2.0.0:
  version "2.2.0"
  resolved "https://registry.npmjs.org/p-try/-/p-try-2.2.0.tgz"

parent-module@^1.0.0:
  version "1.0.1"
  resolved "https://registry.npmjs.org/parent-module/-/parent-module-1.0.1.tgz"
  dependencies:
    callsites "^3.0.0"

parse-json@^2.2.0:
  version "2.2.0"
  resolved "https://registry.npmjs.org/parse-json/-/parse-json-2.2.0.tgz"
  dependencies:
    error-ex "^1.2.0"

path-exists@^3.0.0:
  version "3.0.0"
  resolved "https://registry.npmjs.org/path-exists/-/path-exists-3.0.0.tgz"

path-exists@^4.0.0:
  version "4.0.0"
  resolved "https://registry.npmjs.org/path-exists/-/path-exists-4.0.0.tgz"

path-is-absolute@^1.0.0:
  version "1.0.1"
  resolved "https://registry.npmjs.org/path-is-absolute/-/path-is-absolute-1.0.1.tgz"

path-key@^3.1.0:
  version "3.1.1"
  resolved "https://registry.npmjs.org/path-key/-/path-key-3.1.1.tgz"

path-parse@^1.0.6:
  version "1.0.7"
  resolved "https://registry.yarnpkg.com/path-parse/-/path-parse-1.0.7.tgz#fbc114b60ca42b30d9daf5858e4bd68bbedb6735"

path-type@^2.0.0:
  version "2.0.0"
  resolved "https://registry.npmjs.org/path-type/-/path-type-2.0.0.tgz"
  dependencies:
    pify "^2.0.0"

path-type@^4.0.0:
  version "4.0.0"
  resolved "https://registry.npmjs.org/path-type/-/path-type-4.0.0.tgz"

picomatch@^2.0.5, picomatch@^2.2.1:
  version "2.2.2"
  resolved "https://registry.npmjs.org/picomatch/-/picomatch-2.2.2.tgz"

pify@^2.0.0:
  version "2.3.0"
  resolved "https://registry.npmjs.org/pify/-/pify-2.3.0.tgz"

pkg-dir@^2.0.0:
  version "2.0.0"
  resolved "https://registry.npmjs.org/pkg-dir/-/pkg-dir-2.0.0.tgz"
  dependencies:
    find-up "^2.1.0"

prelude-ls@^1.2.1:
  version "1.2.1"
  resolved "https://registry.npmjs.org/prelude-ls/-/prelude-ls-1.2.1.tgz"

prettier-linter-helpers@^1.0.0:
  version "1.0.0"
  resolved "https://registry.npmjs.org/prettier-linter-helpers/-/prettier-linter-helpers-1.0.0.tgz"
  dependencies:
    fast-diff "^1.1.2"

prettier@^2.2.1:
  version "2.2.1"
  resolved "https://registry.npmjs.org/prettier/-/prettier-2.2.1.tgz"

progress@^2.0.0:
  version "2.0.3"
  resolved "https://registry.npmjs.org/progress/-/progress-2.0.3.tgz"

prop-types@^15.7.2:
  version "15.7.2"
  resolved "https://registry.npmjs.org/prop-types/-/prop-types-15.7.2.tgz"
  dependencies:
    loose-envify "^1.4.0"
    object-assign "^4.1.1"
    react-is "^16.8.1"

punycode@^2.1.0:
  version "2.1.1"
  resolved "https://registry.npmjs.org/punycode/-/punycode-2.1.1.tgz"

queue-microtask@^1.2.2:
  version "1.2.3"
  resolved "https://registry.npmjs.org/queue-microtask/-/queue-microtask-1.2.3.tgz"

react-is@^16.8.1:
  version "16.13.1"
  resolved "https://registry.npmjs.org/react-is/-/react-is-16.13.1.tgz"

read-pkg-up@^2.0.0:
  version "2.0.0"
  resolved "https://registry.npmjs.org/read-pkg-up/-/read-pkg-up-2.0.0.tgz"
  dependencies:
    find-up "^2.0.0"
    read-pkg "^2.0.0"

read-pkg@^2.0.0:
  version "2.0.0"
  resolved "https://registry.npmjs.org/read-pkg/-/read-pkg-2.0.0.tgz"
  dependencies:
    load-json-file "^2.0.0"
    normalize-package-data "^2.3.2"
    path-type "^2.0.0"

regenerator-runtime@^0.13.4:
  version "0.13.7"
  resolved "https://registry.npmjs.org/regenerator-runtime/-/regenerator-runtime-0.13.7.tgz"

regexp.prototype.flags@^1.3.1:
  version "1.3.1"
  resolved "https://registry.npmjs.org/regexp.prototype.flags/-/regexp.prototype.flags-1.3.1.tgz"
  dependencies:
    call-bind "^1.0.2"
    define-properties "^1.1.3"

regexpp@^3.0.0, regexpp@^3.1.0:
  version "3.1.0"
  resolved "https://registry.npmjs.org/regexpp/-/regexpp-3.1.0.tgz"

require-from-string@^2.0.2:
  version "2.0.2"
  resolved "https://registry.npmjs.org/require-from-string/-/require-from-string-2.0.2.tgz"

resolve-from@^4.0.0:
  version "4.0.0"
  resolved "https://registry.npmjs.org/resolve-from/-/resolve-from-4.0.0.tgz"

resolve@^1.10.0, resolve@^1.13.1, resolve@^1.17.0:
  version "1.20.0"
  resolved "https://registry.npmjs.org/resolve/-/resolve-1.20.0.tgz"
  dependencies:
    is-core-module "^2.2.0"
    path-parse "^1.0.6"

resolve@^2.0.0-next.3:
  version "2.0.0-next.3"
  resolved "https://registry.npmjs.org/resolve/-/resolve-2.0.0-next.3.tgz"
  dependencies:
    is-core-module "^2.2.0"
    path-parse "^1.0.6"

reusify@^1.0.4:
  version "1.0.4"
  resolved "https://registry.npmjs.org/reusify/-/reusify-1.0.4.tgz"

rimraf@^3.0.2:
  version "3.0.2"
  resolved "https://registry.npmjs.org/rimraf/-/rimraf-3.0.2.tgz"
  dependencies:
    glob "^7.1.3"

run-parallel@^1.1.9:
  version "1.2.0"
  resolved "https://registry.npmjs.org/run-parallel/-/run-parallel-1.2.0.tgz"
  dependencies:
    queue-microtask "^1.2.2"

"semver@2 || 3 || 4 || 5":
  version "5.7.1"
  resolved "https://registry.npmjs.org/semver/-/semver-5.7.1.tgz"

semver@7.3.2:
  version "7.3.2"
  resolved "https://registry.npmjs.org/semver/-/semver-7.3.2.tgz"

semver@^7.2.1, semver@^7.3.2:
  version "7.3.5"
  resolved "https://registry.npmjs.org/semver/-/semver-7.3.5.tgz"
  dependencies:
    lru-cache "^6.0.0"

shebang-command@^2.0.0:
  version "2.0.0"
  resolved "https://registry.npmjs.org/shebang-command/-/shebang-command-2.0.0.tgz"
  dependencies:
    shebang-regex "^3.0.0"

shebang-regex@^3.0.0:
  version "3.0.0"
  resolved "https://registry.npmjs.org/shebang-regex/-/shebang-regex-3.0.0.tgz"

side-channel@^1.0.4:
  version "1.0.4"
  resolved "https://registry.npmjs.org/side-channel/-/side-channel-1.0.4.tgz"
  dependencies:
    call-bind "^1.0.0"
    get-intrinsic "^1.0.2"
    object-inspect "^1.9.0"

slash@^3.0.0:
  version "3.0.0"
  resolved "https://registry.npmjs.org/slash/-/slash-3.0.0.tgz"

slice-ansi@^4.0.0:
  version "4.0.0"
  resolved "https://registry.npmjs.org/slice-ansi/-/slice-ansi-4.0.0.tgz"
  dependencies:
    ansi-styles "^4.0.0"
    astral-regex "^2.0.0"
    is-fullwidth-code-point "^3.0.0"

spdx-correct@^3.0.0:
  version "3.1.1"
  resolved "https://registry.npmjs.org/spdx-correct/-/spdx-correct-3.1.1.tgz"
  dependencies:
    spdx-expression-parse "^3.0.0"
    spdx-license-ids "^3.0.0"

spdx-exceptions@^2.1.0:
  version "2.3.0"
  resolved "https://registry.npmjs.org/spdx-exceptions/-/spdx-exceptions-2.3.0.tgz"

spdx-expression-parse@^3.0.0:
  version "3.0.1"
  resolved "https://registry.npmjs.org/spdx-expression-parse/-/spdx-expression-parse-3.0.1.tgz"
  dependencies:
    spdx-exceptions "^2.1.0"
    spdx-license-ids "^3.0.0"

spdx-license-ids@^3.0.0:
  version "3.0.7"
  resolved "https://registry.npmjs.org/spdx-license-ids/-/spdx-license-ids-3.0.7.tgz"

sprintf-js@~1.0.2:
  version "1.0.3"
  resolved "https://registry.npmjs.org/sprintf-js/-/sprintf-js-1.0.3.tgz"

string-width@^4.2.0:
  version "4.2.2"
  resolved "https://registry.npmjs.org/string-width/-/string-width-4.2.2.tgz"
  dependencies:
    emoji-regex "^8.0.0"
    is-fullwidth-code-point "^3.0.0"
    strip-ansi "^6.0.0"

string.prototype.matchall@^4.0.4:
  version "4.0.4"
  resolved "https://registry.npmjs.org/string.prototype.matchall/-/string.prototype.matchall-4.0.4.tgz"
  dependencies:
    call-bind "^1.0.2"
    define-properties "^1.1.3"
    es-abstract "^1.18.0-next.2"
    has-symbols "^1.0.1"
    internal-slot "^1.0.3"
    regexp.prototype.flags "^1.3.1"
    side-channel "^1.0.4"

string.prototype.trimend@^1.0.4:
  version "1.0.4"
  resolved "https://registry.npmjs.org/string.prototype.trimend/-/string.prototype.trimend-1.0.4.tgz"
  dependencies:
    call-bind "^1.0.2"
    define-properties "^1.1.3"

string.prototype.trimstart@^1.0.4:
  version "1.0.4"
  resolved "https://registry.npmjs.org/string.prototype.trimstart/-/string.prototype.trimstart-1.0.4.tgz"
  dependencies:
    call-bind "^1.0.2"
    define-properties "^1.1.3"

strip-ansi@^6.0.0:
  version "6.0.0"
  resolved "https://registry.npmjs.org/strip-ansi/-/strip-ansi-6.0.0.tgz"
  dependencies:
    ansi-regex "^5.0.0"

strip-bom@^3.0.0:
  version "3.0.0"
  resolved "https://registry.npmjs.org/strip-bom/-/strip-bom-3.0.0.tgz"

strip-json-comments@^3.1.0, strip-json-comments@^3.1.1:
  version "3.1.1"
  resolved "https://registry.npmjs.org/strip-json-comments/-/strip-json-comments-3.1.1.tgz"

supports-color@^5.3.0:
  version "5.5.0"
  resolved "https://registry.npmjs.org/supports-color/-/supports-color-5.5.0.tgz"
  dependencies:
    has-flag "^3.0.0"

supports-color@^7.1.0:
  version "7.2.0"
  resolved "https://registry.npmjs.org/supports-color/-/supports-color-7.2.0.tgz"
  dependencies:
    has-flag "^4.0.0"

table@^6.0.4:
  version "6.0.7"
  resolved "https://registry.npmjs.org/table/-/table-6.0.7.tgz"
  dependencies:
    ajv "^7.0.2"
    lodash "^4.17.20"
    slice-ansi "^4.0.0"
    string-width "^4.2.0"

text-table@^0.2.0:
  version "0.2.0"
  resolved "https://registry.npmjs.org/text-table/-/text-table-0.2.0.tgz"

to-regex-range@^5.0.1:
  version "5.0.1"
  resolved "https://registry.npmjs.org/to-regex-range/-/to-regex-range-5.0.1.tgz"
  dependencies:
    is-number "^7.0.0"

tsconfig-paths@^3.9.0:
  version "3.9.0"
  resolved "https://registry.npmjs.org/tsconfig-paths/-/tsconfig-paths-3.9.0.tgz"
  dependencies:
    "@types/json5" "^0.0.29"
    json5 "^1.0.1"
    minimist "^1.2.0"
    strip-bom "^3.0.0"

tslib@^1.8.1:
  version "1.14.1"
  resolved "https://registry.npmjs.org/tslib/-/tslib-1.14.1.tgz"

tsutils@^3.17.1:
  version "3.21.0"
  resolved "https://registry.npmjs.org/tsutils/-/tsutils-3.21.0.tgz"
  dependencies:
    tslib "^1.8.1"

type-check@^0.4.0, type-check@~0.4.0:
  version "0.4.0"
  resolved "https://registry.npmjs.org/type-check/-/type-check-0.4.0.tgz"
  dependencies:
    prelude-ls "^1.2.1"

type-fest@^0.20.2:
  version "0.20.2"
  resolved "https://registry.npmjs.org/type-fest/-/type-fest-0.20.2.tgz"

type-fest@^0.8.1:
  version "0.8.1"
  resolved "https://registry.npmjs.org/type-fest/-/type-fest-0.8.1.tgz"

typescript@^4.2.3:
  version "4.2.3"
  resolved "https://registry.npmjs.org/typescript/-/typescript-4.2.3.tgz"

unbox-primitive@^1.0.0:
  version "1.0.1"
  resolved "https://registry.npmjs.org/unbox-primitive/-/unbox-primitive-1.0.1.tgz"
  dependencies:
    function-bind "^1.1.1"
    has-bigints "^1.0.1"
    has-symbols "^1.0.2"
    which-boxed-primitive "^1.0.2"

uri-js@^4.2.2:
  version "4.4.1"
  resolved "https://registry.npmjs.org/uri-js/-/uri-js-4.4.1.tgz"
  dependencies:
    punycode "^2.1.0"

v8-compile-cache@^2.0.3:
  version "2.3.0"
  resolved "https://registry.npmjs.org/v8-compile-cache/-/v8-compile-cache-2.3.0.tgz"

validate-npm-package-license@^3.0.1:
  version "3.0.4"
  resolved "https://registry.npmjs.org/validate-npm-package-license/-/validate-npm-package-license-3.0.4.tgz"
  dependencies:
    spdx-correct "^3.0.0"
    spdx-expression-parse "^3.0.0"

which-boxed-primitive@^1.0.2:
  version "1.0.2"
  resolved "https://registry.npmjs.org/which-boxed-primitive/-/which-boxed-primitive-1.0.2.tgz"
  dependencies:
    is-bigint "^1.0.1"
    is-boolean-object "^1.1.0"
    is-number-object "^1.0.4"
    is-string "^1.0.5"
    is-symbol "^1.0.3"

which@^2.0.1:
  version "2.0.2"
  resolved "https://registry.npmjs.org/which/-/which-2.0.2.tgz"
  dependencies:
    isexe "^2.0.0"

word-wrap@^1.2.3:
  version "1.2.3"
  resolved "https://registry.npmjs.org/word-wrap/-/word-wrap-1.2.3.tgz"

wrappy@1:
  version "1.0.2"
  resolved "https://registry.npmjs.org/wrappy/-/wrappy-1.0.2.tgz"

yallist@^4.0.0:
  version "4.0.0"
  resolved "https://registry.npmjs.org/yallist/-/yallist-4.0.0.tgz"
